<Solution>
  <Configurations>
    <Platform Name="Any CPU" />
    <Platform Name="x64" />
    <Platform Name="x86" />
  </Configurations>
  <Project Path=".net.csproj" />
  <Project Path="src/AiUsageMonitor/AiUsageMonitor.csproj" />
  <Project Path="tests/AiUsageMonitor.Tests/AiUsageMonitor.Tests.csproj" />
</Solution>
